// !$*UTF8*$!
{
	archiveVersion = 1;
	classes = {
	};
	objectVersion = 77;
	objects = {

/* Begin PBXContainerItemProxy section */
		07EA7C3D2FD0AB73004ACEE4 /* PBXContainerItemProxy */ = {
			isa = PBXContainerItemProxy;
			containerPortal = 07EA7C252FD0AB72004ACEE4 /* Project object */;
			proxyType = 1;
			remoteGlobalIDString = 07EA7C2C2FD0AB72004ACEE4;
			remoteInfo = "Mosslanding-Sync";
		};
		07EA7C472FD0AB73004ACEE4 /* PBXContainerItemProxy */ = {
			isa = PBXContainerItemProxy;
			containerPortal = 07EA7C252FD0AB72004ACEE4 /* Project object */;
			proxyType = 1;
			remoteGlobalIDString = 07EA7C2C2FD0AB72004ACEE4;
			remoteInfo = "Mosslanding-Sync";
		};
/* End PBXContainerItemProxy section */

/* Begin PBXFileReference section */
		07EA7C2D2FD0AB72004ACEE4 /* Mosslanding-Sync.app */ = {isa = PBXFileReference; explicitFileType = wrapper.application; includeInIndex = 0; path = "Mosslanding-Sync.app"; sourceTree = BUILT_PRODUCTS_DIR; };
		07EA7C3C2FD0AB73004ACEE4 /* Mosslanding-SyncTests.xctest */ = {isa = PBXFileReference; explicitFileType = wrapper.cfbundle; includeInIndex = 0; path = "Mosslanding-SyncTests.xctest"; sourceTree = BUILT_PRODUCTS_DIR; };
		07EA7C462FD0AB73004ACEE4 /* Mosslanding-SyncUITests.xctest */ = {isa = PBXFileReference; explicitFileType = wrapper.cfbundle; includeInIndex = 0; path = "Mosslanding-SyncUITests.xctest"; sourceTree = BUILT_PRODUCTS_DIR; };
/* End PBXFileReference section */

/* Begin PBXFileSystemSynchronizedRootGroup section */
		07EA7C2F2FD0AB72004ACEE4 /* Mosslanding-Sync */ = {
			isa = PBXFileSystemSynchronizedRootGroup;
			path = "Mosslanding-Sync";
			sourceTree = "<group>";
		};
		07EA7C3F2FD0AB73004ACEE4 /* Mosslanding-SyncTests */ = {
			isa = PBXFileSystemSynchronizedRootGroup;
			path = "Mosslanding-SyncTests";
			sourceTree = "<group>";
		};
		07EA7C492FD0AB73004ACEE4 /* Mosslanding-SyncUITests */ = {
			isa = PBXFileSystemSynchronizedRootGroup;
			path = "Mosslanding-SyncUITests";
			sourceTree = "<group>";
		};
/* End PBXFileSystemSynchronizedRootGroup section */

/* Begin PBXFrameworksBuildPhase section */
		07EA7C2A2FD0AB72004ACEE4 /* Frameworks */ = {
			isa = PBXFrameworksBuildPhase;
			buildActionMask = 2147483647;
			files = (
			);
			runOnlyForDeploymentPostprocessing = 0;
		};
		07EA7C392FD0AB73004ACEE4 /* Frameworks */ = {
			isa = PBXFrameworksBuildPhase;
			buildActionMask = 2147483647;
			files = (
			);
			runOnlyForDeploymentPostprocessing = 0;
		};
		07EA7C432FD0AB73004ACEE4 /* Frameworks */ = {
			isa = PBXFrameworksBuildPhase;
			buildActionMask = 2147483647;
			files = (
			);
			runOnlyForDeploymentPostprocessing = 0;
		};
/* End PBXFrameworksBuildPhase section */

/* Begin PBXGroup section */
		07EA7C242FD0AB72004ACEE4 = {
			isa = PBXGroup;
			children = (
				07EA7C2F2FD0AB72004ACEE4 /* Mosslanding-Sync */,
				07EA7C3F2FD0AB73004ACEE4 /* Mosslanding-SyncTests */,
				07EA7C492FD0AB73004ACEE4 /* Mosslanding-SyncUITests */,
				07EA7C2E2FD0AB72004ACEE4 /* Products */,
			);
			sourceTree = "<group>";
		};
		07EA7C2E2FD0AB72004ACEE4 /* Products */ = {
			isa = PBXGroup;
			children = (
				07EA7C2D2FD0AB72004ACEE4 /* Mosslanding-Sync.app */,
				07EA7C3C2FD0AB73004ACEE4 /* Mosslanding-SyncTests.xctest */,
				07EA7C462FD0AB73004ACEE4 /* Mosslanding-SyncUITests.xctest */,
			);
			name = Products;
			sourceTree = "<group>";
		};
/* End PBXGroup section */

/* Begin PBXNativeTarget section */
		07EA7C2C2FD0AB72004ACEE4 /* Mosslanding-Sync */ = {
			isa = PBXNativeTarget;
			buildConfigurationList = 07EA7C502FD0AB73004ACEE4 /* Build configuration list for PBXNativeTarget "Mosslanding-Sync" */;
			buildPhases = (
				07EA7C292FD0AB72004ACEE4 /* Sources */,
				07EA7C2A2FD0AB72004ACEE4 /* Frameworks */,
				07EA7C2B2FD0AB72004ACEE4 /* Resources */,
			);
			buildRules = (
			);
			dependencies = (
			);
			fileSystemSynchronizedGroups = (
				07EA7C2F2FD0AB72004ACEE4 /* Mosslanding-Sync */,
			);
			name = "Mosslanding-Sync";
			packageProductDependencies = (
			);
			productName = "Mosslanding-Sync";
			productReference = 07EA7C2D2FD0AB72004ACEE4 /* Mosslanding-Sync.app */;
			productType = "com.apple.product-type.application";
		};
		07EA7C3B2FD0AB73004ACEE4 /* Mosslanding-SyncTests */ = {
			isa = PBXNativeTarget;
			buildConfigurationList = 07EA7C532FD0AB73004ACEE4 /* Build configuration list for PBXNativeTarget "Mosslanding-SyncTests" */;
			buildPhases = (
				07EA7C382FD0AB73004ACEE4 /* Sources */,
				07EA7C392FD0AB73004ACEE4 /* Frameworks */,
				07EA7C3A2FD0AB73004ACEE4 /* Resources */,
			);
			buildRules = (
			);
			dependencies = (
				07EA7C3E2FD0AB73004ACEE4 /* PBXTargetDependency */,
			);
			fileSystemSynchronizedGroups = (
				07EA7C3F2FD0AB73004ACEE4 /* Mosslanding-SyncTests */,
			);
			name = "Mosslanding-SyncTests";
			packageProductDependencies = (
			);
			productName = "Mosslanding-SyncTests";
			productReference = 07EA7C3C2FD0AB73004ACEE4 /* Mosslanding-SyncTests.xctest */;
			productType = "com.apple.product-type.bundle.unit-test";
		};
		07EA7C452FD0AB73004ACEE4 /* Mosslanding-SyncUITests */ = {
			isa = PBXNativeTarget;
			buildConfigurationList = 07EA7C562FD0AB73004ACEE4 /* Build configuration list for PBXNativeTarget "Mosslanding-SyncUITests" */;
			buildPhases = (
				07EA7C422FD0AB73004ACEE4 /* Sources */,
				07EA7C432FD0AB73004ACEE4 /* Frameworks */,
				07EA7C442FD0AB73004ACEE4 /* Resources */,
			);
			buildRules = (
			);
			dependencies = (
				07EA7C482FD0AB73004ACEE4 /* PBXTargetDependency */,
			);
			fileSystemSynchronizedGroups = (
				07EA7C492FD0AB73004ACEE4 /* Mosslanding-SyncUITests */,
			);
			name = "Mosslanding-SyncUITests";
			packageProductDependencies = (
			);
			productName = "Mosslanding-SyncUITests";
			productReference = 07EA7C462FD0AB73004ACEE4 /* Mosslanding-SyncUITests.xctest */;
			productType = "com.apple.product-type.bundle.ui-testing";
		};
/* End PBXNativeTarget section */

/* Begin PBXProject section */
		07EA7C252FD0AB72004ACEE4 /* Project object */ = {
			isa = PBXProject;
			attributes = {
				BuildIndependentTargetsInParallel = 1;
				LastSwiftUpdateCheck = 2650;
				LastUpgradeCheck = 2650;
				TargetAttributes = {
					07EA7C2C2FD0AB72004ACEE4 = {
						CreatedOnToolsVersion = 26.5;
					};
					07EA7C3B2FD0AB73004ACEE4 = {
						CreatedOnToolsVersion = 26.5;
						TestTargetID = 07EA7C2C2FD0AB72004ACEE4;
					};
					07EA7C452FD0AB73004ACEE4 = {
						CreatedOnToolsVersion = 26.5;
						TestTargetID = 07EA7C2C2FD0AB72004ACEE4;
					};
				};
			};
			buildConfigurationList = 07EA7C282FD0AB72004ACEE4 /* Build configuration list for PBXProject "Mosslanding-Sync" */;
			developmentRegion = en;
			hasScannedForEncodings = 0;
			knownRegions = (
				en,
				Base,
			);
			mainGroup = 07EA7C242FD0AB72004ACEE4;
			minimizedProjectReferenceProxies = 1;
			preferredProjectObjectVersion = 77;
			productRefGroup = 07EA7C2E2FD0AB72004ACEE4 /* Products */;
			projectDirPath = "";
			projectRoot = "";
			targets = (
				07EA7C2C2FD0AB72004ACEE4 /* Mosslanding-Sync */,
				07EA7C3B2FD0AB73004ACEE4 /* Mosslanding-SyncTests */,
				07EA7C452FD0AB73004ACEE4 /* Mosslanding-SyncUITests */,
			);
		};
/* End PBXProject section */

/* Begin PBXResourcesBuildPhase section */
		07EA7C2B2FD0AB72004ACEE4 /* Resources */ = {
			isa = PBXResourcesBuildPhase;
			buildActionMask = 2147483647;
			files = (
			);
			runOnlyForDeploymentPostprocessing = 0;
		};
		07EA7C3A2FD0AB73004ACEE4 /* Resources */ = {
			isa = PBXResourcesBuildPhase;
			buildActionMask = 2147483647;
			files = (
			);
			runOnlyForDeploymentPostprocessing = 0;
		};
		07EA7C442FD0AB73004ACEE4 /* Resources */ = {
			isa = PBXResourcesBuildPhase;
			buildActionMask = 2147483647;
			files = (
			);
			runOnlyForDeploymentPostprocessing = 0;
		};
/* End PBXResourcesBuildPhase section */

/* Begin PBXSourcesBuildPhase section */
		07EA7C292FD0AB72004ACEE4 /* Sources */ = {
			isa = PBXSourcesBuildPhase;
			buildActionMask = 2147483647;
			files = (
			);
			runOnlyForDeploymentPostprocessing = 0;
		};
		07EA7C382FD0AB73004ACEE4 /* Sources */ = {
			isa = PBXSourcesBuildPhase;
			buildActionMask = 2147483647;
			files = (
			);
			runOnlyForDeploymentPostprocessing = 0;
		};
		07EA7C422FD0AB73004ACEE4 /* Sources */ = {
			isa = PBXSourcesBuildPhase;
			buildActionMask = 2147483647;
			files = (
			);
			runOnlyForDeploymentPostprocessing = 0;
		};
/* End PBXSourcesBuildPhase section */

/* Begin PBXTargetDependency section */
		07EA7C3E2FD0AB73004ACEE4 /* PBXTargetDependency */ = {
			isa = PBXTargetDependency;
			target = 07EA7C2C2FD0AB72004ACEE4 /* Mosslanding-Sync */;
			targetProxy = 07EA7C3D2FD0AB73004ACEE4 /* PBXContainerItemProxy */;
		};
		07EA7C482FD0AB73004ACEE4 /* PBXTargetDependency */ = {
			isa = PBXTargetDependency;
			target = 07EA7C2C2FD0AB72004ACEE4 /* Mosslanding-Sync */;
			targetProxy = 07EA7C472FD0AB73004ACEE4 /* PBXContainerItemProxy */;
		};
/* End PBXTargetDependency section */

/* Begin XCBuildConfiguration section */
		07EA7C4E2FD0AB73004ACEE4 /* Debug */ = {
			isa = XCBuildConfiguration;
			buildSettings = {
				ALWAYS_SEARCH_USER_PATHS = NO;
				ASSETCATALOG_COMPILER_GENERATE_SWIFT_ASSET_SYMBOL_EXTENSIONS = YES;
				CLANG_ANALYZER_NONNULL = YES;
				CLANG_ANALYZER_NUMBER_OBJECT_CONVERSION = YES_AGGRESSIVE;
				CLANG_CXX_LANGUAGE_STANDARD = "gnu++20";
				CLANG_ENABLE_MODULES = YES;
				CLANG_ENABLE_OBJC_ARC = YES;
				CLANG_ENABLE_OBJC_WEAK = YES;
				CLANG_WARN_BLOCK_CAPTURE_AUTORELEASING = YES;
				CLANG_WARN_BOOL_CONVERSION = YES;
				CLANG_WARN_COMMA = YES;
				CLANG_WARN_CONSTANT_CONVERSION = YES;
				CLANG_WARN_DEPRECATED_OBJC_IMPLEMENTATIONS = YES;
				CLANG_WARN_DIRECT_OBJC_ISA_USAGE = YES_ERROR;
				CLANG_WARN_DOCUMENTATION_COMMENTS = YES;
				CLANG_WARN_EMPTY_BODY = YES;
				CLANG_WARN_ENUM_CONVERSION = YES;
				CLANG_WARN_INFINITE_RECURSION = YES;
				CLANG_WARN_INT_CONVERSION = YES;
				CLANG_WARN_NON_LITERAL_NULL_CONVERSION = YES;
				CLANG_WARN_OBJC_IMPLICIT_RETAIN_SELF = YES;
				CLANG_WARN_OBJC_LITERAL_CONVERSION = YES;
				CLANG_WARN_OBJC_ROOT_CLASS = YES_ERROR;
				CLANG_WARN_QUOTED_INCLUDE_IN_FRAMEWORK_HEADER = YES;
				CLANG_WARN_RANGE_LOOP_ANALYSIS = YES;
				CLANG_WARN_STRICT_PROTOTYPES = YES;
				CLANG_WARN_SUSPICIOUS_MOVE = YES;
				CLANG_WARN_UNGUARDED_AVAILABILITY = YES_AGGRESSIVE;
				CLANG_WARN_UNREACHABLE_CODE = YES;
				CLANG_WARN__DUPLICATE_METHOD_MATCH = YES;
				COPY_PHASE_STRIP = NO;
				DEBUG_INFORMATION_FORMAT = dwarf;
				DEVELOPMENT_TEAM = WF4NHVCT8U;
				ENABLE_STRICT_OBJC_MSGSEND = YES;
				ENABLE_TESTABILITY = YES;
				ENABLE_USER_SCRIPT_SANDBOXING = YES;
				GCC_C_LANGUAGE_STANDARD = gnu17;
				GCC_DYNAMIC_NO_PIC = NO;
				GCC_NO_COMMON_BLOCKS = YES;
				GCC_OPTIMIZATION_LEVEL = 0;
				GCC_PREPROCESSOR_DEFINITIONS = (
					"DEBUG=1",
					"$(inherited)",
				);
				GCC_WARN_64_TO_32_BIT_CONVERSION = YES;
				GCC_WARN_ABOUT_RETURN_TYPE = YES_ERROR;
				GCC_WARN_UNDECLARED_SELECTOR = YES;
				GCC_WARN_UNINITIALIZED_AUTOS = YES_AGGRESSIVE;
				GCC_WARN_UNUSED_FUNCTION = YES;
				GCC_WARN_UNUSED_VARIABLE = YES;
				LOCALIZATION_PREFERS_STRING_CATALOGS = YES;
				MACOSX_DEPLOYMENT_TARGET = 26.5;
				MTL_ENABLE_DEBUG_INFO = INCLUDE_SOURCE;
				MTL_FAST_MATH = YES;
				ONLY_ACTIVE_ARCH = YES;
				SDKROOT = macosx;
				SWIFT_ACTIVE_COMPILATION_CONDITIONS = "DEBUG $(inherited)";
				SWIFT_OPTIMIZATION_LEVEL = "-Onone";
			};
			name = Debug;
		};
		07EA7C4F2FD0AB73004ACEE4 /* Release */ = {
			isa = XCBuildConfiguration;
			buildSettings = {
				ALWAYS_SEARCH_USER_PATHS = NO;
				ASSETCATALOG_COMPILER_GENERATE_SWIFT_ASSET_SYMBOL_EXTENSIONS = YES;
				CLANG_ANALYZER_NONNULL = YES;
				CLANG_ANALYZER_NUMBER_OBJECT_CONVERSION = YES_AGGRESSIVE;
				CLANG_CXX_LANGUAGE_STANDARD = "gnu++20";
				CLANG_ENABLE_MODULES = YES;
				CLANG_ENABLE_OBJC_ARC = YES;
				CLANG_ENABLE_OBJC_WEAK = YES;
				CLANG_WARN_BLOCK_CAPTURE_AUTORELEASING = YES;
				CLANG_WARN_BOOL_CONVERSION = YES;
				CLANG_WARN_COMMA = YES;
				CLANG_WARN_CONSTANT_CONVERSION = YES;
				CLANG_WARN_DEPRECATED_OBJC_IMPLEMENTATIONS = YES;
				CLANG_WARN_DIRECT_OBJC_ISA_USAGE = YES_ERROR;
				CLANG_WARN_DOCUMENTATION_COMMENTS = YES;
				CLANG_WARN_EMPTY_BODY = YES;
				CLANG_WARN_ENUM_CONVERSION = YES;
				CLANG_WARN_INFINITE_RECURSION = YES;
				CLANG_WARN_INT_CONVERSION = YES;
				CLANG_WARN_NON_LITERAL_NULL_CONVERSION = YES;
				CLANG_WARN_OBJC_IMPLICIT_RETAIN_SELF = YES;
				CLANG_WARN_OBJC_LITERAL_CONVERSION = YES;
				CLANG_WARN_OBJC_ROOT_CLASS = YES_ERROR;
				CLANG_WARN_QUOTED_INCLUDE_IN_FRAMEWORK_HEADER = YES;
				CLANG_WARN_RANGE_LOOP_ANALYSIS = YES;
				CLANG_WARN_STRICT_PROTOTYPES = YES;
				CLANG_WARN_SUSPICIOUS_MOVE = YES;
				CLANG_WARN_UNGUARDED_AVAILABILITY = YES_AGGRESSIVE;
				CLANG_WARN_UNREACHABLE_CODE = YES;
				CLANG_WARN__DUPLICATE_METHOD_MATCH = YES;
				COPY_PHASE_STRIP = NO;
				DEBUG_INFORMATION_FORMAT = "dwarf-with-dsym";
				DEVELOPMENT_TEAM = WF4NHVCT8U;
				ENABLE_NS_ASSERTIONS = NO;
				ENABLE_STRICT_OBJC_MSGSEND = YES;
				ENABLE_USER_SCRIPT_SANDBOXING = YES;
				GCC_C_LANGUAGE_STANDARD = gnu17;
				GCC_NO_COMMON_BLOCKS = YES;
				GCC_WARN_64_TO_32_BIT_CONVERSION = YES;
				GCC_WARN_ABOUT_RETURN_TYPE = YES_ERROR;
				GCC_WARN_UNDECLARED_SELECTOR = YES;
				GCC_WARN_UNINITIALIZED_AUTOS = YES_AGGRESSIVE;
				GCC_WARN_UNUSED_FUNCTION = YES;
				GCC_WARN_UNUSED_VARIABLE = YES;
				LOCALIZATION_PREFERS_STRING_CATALOGS = YES;
				MACOSX_DEPLOYMENT_TARGET = 26.5;
				MTL_ENABLE_DEBUG_INFO = NO;
				MTL_FAST_MATH = YES;
				SDKROOT = macosx;
				SWIFT_COMPILATION_MODE = wholemodule;
			};
			name = Release;
		};
		07EA7C512FD0AB73004ACEE4 /* Debug */ = {
			isa = XCBuildConfiguration;
			buildSettings = {
				ASSETCATALOG_COMPILER_APPICON_NAME = AppIcon;
				ASSETCATALOG_COMPILER_GLOBAL_ACCENT_COLOR_NAME = AccentColor;
				CODE_SIGN_STYLE = Automatic;
				COMBINE_HIDPI_IMAGES = YES;
				CURRENT_PROJECT_VERSION = 1;
				DEVELOPMENT_TEAM = WF4NHVCT8U;
				ENABLE_APP_SANDBOX = YES;
				ENABLE_HARDENED_RUNTIME = YES;
				ENABLE_PREVIEWS = YES;
				ENABLE_USER_SELECTED_FILES = readonly;
				GENERATE_INFOPLIST_FILE = YES;
				INFOPLIST_KEY_NSHumanReadableCopyright = "";
				LD_RUNPATH_SEARCH_PATHS = (
					"$(inherited)",
					"@executable_path/../Frameworks",
				);
				MARKETING_VERSION = 1.0;
				PRODUCT_BUNDLE_IDENTIFIER = "MOSSlanding-Sync.Mosslanding-Sync";
				PRODUCT_NAME = "$(TARGET_NAME)";
				REGISTER_APP_GROUPS = YES;
				STRING_CATALOG_GENERATE_SYMBOLS = YES;
				SWIFT_APPROACHABLE_CONCURRENCY = YES;
				SWIFT_DEFAULT_ACTOR_ISOLATION = MainActor;
				SWIFT_EMIT_LOC_STRINGS = YES;
				SWIFT_UPCOMING_FEATURE_MEMBER_IMPORT_VISIBILITY = YES;
				SWIFT_VERSION = 5.0;
			};
			name = Debug;
		};
		07EA7C522FD0AB73004ACEE4 /* Release */ = {
			isa = XCBuildConfiguration;
			buildSettings = {
				ASSETCATALOG_COMPILER_APPICON_NAME = AppIcon;
				ASSETCATALOG_COMPILER_GLOBAL_ACCENT_COLOR_NAME = AccentColor;
				CODE_SIGN_STYLE = Automatic;
				COMBINE_HIDPI_IMAGES = YES;
				CURRENT_PROJECT_VERSION = 1;
				DEVELOPMENT_TEAM = WF4NHVCT8U;
				ENABLE_APP_SANDBOX = YES;
				ENABLE_HARDENED_RUNTIME = YES;
				ENABLE_PREVIEWS = YES;
				ENABLE_USER_SELECTED_FILES = readonly;
				GENERATE_INFOPLIST_FILE = YES;
				INFOPLIST_KEY_NSHumanReadableCopyright = "";
				LD_RUNPATH_SEARCH_PATHS = (
					"$(inherited)",
					"@executable_path/../Frameworks",
				);
				MARKETING_VERSION = 1.0;
				PRODUCT_BUNDLE_IDENTIFIER = "MOSSlanding-Sync.Mosslanding-Sync";
				PRODUCT_NAME = "$(TARGET_NAME)";
				REGISTER_APP_GROUPS = YES;
				STRING_CATALOG_GENERATE_SYMBOLS = YES;
				SWIFT_APPROACHABLE_CONCURRENCY = YES;
				SWIFT_DEFAULT_ACTOR_ISOLATION = MainActor;
				SWIFT_EMIT_LOC_STRINGS = YES;
				SWIFT_UPCOMING_FEATURE_MEMBER_IMPORT_VISIBILITY = YES;
				SWIFT_VERSION = 5.0;
			};
			name = Release;
		};
		07EA7C542FD0AB73004ACEE4 /* Debug */ = {
			isa = XCBuildConfiguration;
			buildSettings = {
				BUNDLE_LOADER = "$(TEST_HOST)";
				CODE_SIGN_STYLE = Automatic;
				CURRENT_PROJECT_VERSION = 1;
				DEVELOPMENT_TEAM = WF4NHVCT8U;
				GENERATE_INFOPLIST_FILE = YES;
				MACOSX_DEPLOYMENT_TARGET = 26.5;
				MARKETING_VERSION = 1.0;
				PRODUCT_BUNDLE_IDENTIFIER = "MOSSlanding-Sync.Mosslanding-SyncTests";
				PRODUCT_NAME = "$(TARGET_NAME)";
				STRING_CATALOG_GENERATE_SYMBOLS = NO;
				SWIFT_APPROACHABLE_CONCURRENCY = YES;
				SWIFT_EMIT_LOC_STRINGS = NO;
				SWIFT_UPCOMING_FEATURE_MEMBER_IMPORT_VISIBILITY = YES;
				SWIFT_VERSION = 5.0;
				TEST_HOST = "$(BUILT_PRODUCTS_DIR)/Mosslanding-Sync.app/$(BUNDLE_EXECUTABLE_FOLDER_PATH)/Mosslanding-Sync";
			};
			name = Debug;
		};
		07EA7C552FD0AB73004ACEE4 /* Release */ = {
			isa = XCBuildConfiguration;
			buildSettings = {
				BUNDLE_LOADER = "$(TEST_HOST)";
				CODE_SIGN_STYLE = Automatic;
				CURRENT_PROJECT_VERSION = 1;
				DEVELOPMENT_TEAM = WF4NHVCT8U;
				GENERATE_INFOPLIST_FILE = YES;
				MACOSX_DEPLOYMENT_TARGET = 26.5;
				MARKETING_VERSION = 1.0;
				PRODUCT_BUNDLE_IDENTIFIER = "MOSSlanding-Sync.Mosslanding-SyncTests";
				PRODUCT_NAME = "$(TARGET_NAME)";
				STRING_CATALOG_GENERATE_SYMBOLS = NO;
				SWIFT_APPROACHABLE_CONCURRENCY = YES;
				SWIFT_EMIT_LOC_STRINGS = NO;
				SWIFT_UPCOMING_FEATURE_MEMBER_IMPORT_VISIBILITY = YES;
				SWIFT_VERSION = 5.0;
				TEST_HOST = "$(BUILT_PRODUCTS_DIR)/Mosslanding-Sync.app/$(BUNDLE_EXECUTABLE_FOLDER_PATH)/Mosslanding-Sync";
			};
			name = Release;
		};
		07EA7C572FD0AB73004ACEE4 /* Debug */ = {
			isa = XCBuildConfiguration;
			buildSettings = {
				CODE_SIGN_STYLE = Automatic;
				CURRENT_PROJECT_VERSION = 1;
				DEVELOPMENT_TEAM = WF4NHVCT8U;
				GENERATE_INFOPLIST_FILE = YES;
				MARKETING_VERSION = 1.0;
				PRODUCT_BUNDLE_IDENTIFIER = "MOSSlanding-Sync.Mosslanding-SyncUITests";
				PRODUCT_NAME = "$(TARGET_NAME)";
				STRING_CATALOG_GENERATE_SYMBOLS = NO;
				SWIFT_APPROACHABLE_CONCURRENCY = YES;
				SWIFT_EMIT_LOC_STRINGS = NO;
				SWIFT_UPCOMING_FEATURE_MEMBER_IMPORT_VISIBILITY = YES;
				SWIFT_VERSION = 5.0;
				TEST_TARGET_NAME = "Mosslanding-Sync";
			};
			name = Debug;
		};
		07EA7C582FD0AB73004ACEE4 /* Release */ = {
			isa = XCBuildConfiguration;
			buildSettings = {
				CODE_SIGN_STYLE = Automatic;
				CURRENT_PROJECT_VERSION = 1;
				DEVELOPMENT_TEAM = WF4NHVCT8U;
				GENERATE_INFOPLIST_FILE = YES;
				MARKETING_VERSION = 1.0;
				PRODUCT_BUNDLE_IDENTIFIER = "MOSSlanding-Sync.Mosslanding-SyncUITests";
				PRODUCT_NAME = "$(TARGET_NAME)";
				STRING_CATALOG_GENERATE_SYMBOLS = NO;
				SWIFT_APPROACHABLE_CONCURRENCY = YES;
				SWIFT_EMIT_LOC_STRINGS = NO;
				SWIFT_UPCOMING_FEATURE_MEMBER_IMPORT_VISIBILITY = YES;
				SWIFT_VERSION = 5.0;
				TEST_TARGET_NAME = "Mosslanding-Sync";
			};
			name = Release;
		};
/* End XCBuildConfiguration section */

/* Begin XCConfigurationList section */
		07EA7C282FD0AB72004ACEE4 /* Build configuration list for PBXProject "Mosslanding-Sync" */ = {
			isa = XCConfigurationList;
			buildConfigurations = (
				07EA7C4E2FD0AB73004ACEE4 /* Debug */,
				07EA7C4F2FD0AB73004ACEE4 /* Release */,
			);
			defaultConfigurationIsVisible = 0;
			defaultConfigurationName = Release;
		};
		07EA7C502FD0AB73004ACEE4 /* Build configuration list for PBXNativeTarget "Mosslanding-Sync" */ = {
			isa = XCConfigurationList;
			buildConfigurations = (
				07EA7C512FD0AB73004ACEE4 /* Debug */,
				07EA7C522FD0AB73004ACEE4 /* Release */,
			);
			defaultConfigurationIsVisible = 0;
			defaultConfigurationName = Release;
		};
		07EA7C532FD0AB73004ACEE4 /* Build configuration list for PBXNativeTarget "Mosslanding-SyncTests" */ = {
			isa = XCConfigurationList;
			buildConfigurations = (
				07EA7C542FD0AB73004ACEE4 /* Debug */,
				07EA7C552FD0AB73004ACEE4 /* Release */,
			);
			defaultConfigurationIsVisible = 0;
			defaultConfigurationName = Release;
		};
		07EA7C562FD0AB73004ACEE4 /* Build configuration list for PBXNativeTarget "Mosslanding-SyncUITests" */ = {
			isa = XCConfigurationList;
			buildConfigurations = (
				07EA7C572FD0AB73004ACEE4 /* Debug */,
				07EA7C582FD0AB73004ACEE4 /* Release */,
			);
			defaultConfigurationIsVisible = 0;
			defaultConfigurationName = Release;
		};
/* End XCConfigurationList section */
	};
	rootObject = 07EA7C252FD0AB72004ACEE4 /* Project object */;
}
